
Microsoft Visual Studio Solution File, Format Version 12.00
# Visual Studio Version 18
VisualStudioVersion = 18.4.11626.88 stable
MinimumVisualStudioVersion = 10.0.40219.1
Project("{FAE04EC0-301F-11D3-BF4B-00C04F79EFBC}") = "IclPaths.API", "IclPaths.API\IclPaths.API.csproj", "{B76CEE50-44AF-4C18-B1D9-77A93A6B0CFF}"
EndProject
Project("{FAE04EC0-301F-11D3-BF4B-00C04F79EFBC}") = "IclPaths.UI", "IclPaths.UI\IclPaths.UI.csproj", "{F4EC8F87-C3C2-43CB-A523-DAA06E63F3AE}"
EndProject
Global
	GlobalSection(SolutionConfigurationPlatforms) = preSolution
		Debug|Any CPU = Debug|Any CPU
		Release|Any CPU = Release|Any CPU
	EndGlobalSection
	GlobalSection(ProjectConfigurationPlatforms) = postSolution
		{B76CEE50-44AF-4C18-B1D9-77A93A6B0CFF}.Debug|Any CPU.ActiveCfg = Debug|Any CPU
		{B76CEE50-44AF-4C18-B1D9-77A93A6B0CFF}.Debug|Any CPU.Build.0 = Debug|Any CPU
		{B76CEE50-44AF-4C18-B1D9-77A93A6B0CFF}.Release|Any CPU.ActiveCfg = Release|Any CPU
		{B76CEE50-44AF-4C18-B1D9-77A93A6B0CFF}.Release|Any CPU.Build.0 = Release|Any CPU
		{F4EC8F87-C3C2-43CB-A523-DAA06E63F3AE}.Debug|Any CPU.ActiveCfg = Debug|Any CPU
		{F4EC8F87-C3C2-43CB-A523-DAA06E63F3AE}.Debug|Any CPU.Build.0 = Debug|Any CPU
		{F4EC8F87-C3C2-43CB-A523-DAA06E63F3AE}.Release|Any CPU.ActiveCfg = Release|Any CPU
		{F4EC8F87-C3C2-43CB-A523-DAA06E63F3AE}.Release|Any CPU.Build.0 = Release|Any CPU
	EndGlobalSection
	GlobalSection(SolutionProperties) = preSolution
		HideSolutionNode = FALSE
	EndGlobalSection
	GlobalSection(ExtensibilityGlobals) = postSolution
		SolutionGuid = {D822151B-6F79-4C93-9706-C72190CE8D13}
	EndGlobalSection
EndGlobal
